
Microsoft Visual Studio Solution File, Format Version 11.00
# Visual Studio 2010
Project("{FAE04EC0-301F-11D3-BF4B-00C04F79EFBC}") = "Assembly-CSharp", "Assembly-CSharp.csproj", "{B3168549-C415-292F-4F89-87129E5245C4}"
EndProject
Project("{FAE04EC0-301F-11D3-BF4B-00C04F79EFBC}") = "Assembly-CSharp-firstpass", "Assembly-CSharp-firstpass.csproj", "{9DE48E17-06F7-7E33-1C9D-5F5F76E13B67}"
EndProject
Project("{FAE04EC0-301F-11D3-BF4B-00C04F79EFBC}") = "Assembly-CSharp-Editor", "Assembly-CSharp-Editor.csproj", "{C71A4D06-B63B-59CA-499A-8059B0B2C464}"
EndProject
Project("{FAE04EC0-301F-11D3-BF4B-00C04F79EFBC}") = "Assembly-CSharp-Editor-firstpass", "Assembly-CSharp-Editor-firstpass.csproj", "{1C341428-9FBA-B264-869F-F4BA71BF06F9}"
EndProject
Global
	GlobalSection(SolutionConfigurationPlatforms) = preSolution
		Debug|Any CPU = Debug|Any CPU
		Release|Any CPU = Release|Any CPU
	EndGlobalSection
	GlobalSection(ProjectConfigurationPlatforms) = postSolution
		{B3168549-C415-292F-4F89-87129E5245C4}.Debug|Any CPU.ActiveCfg = Debug|Any CPU
		{B3168549-C415-292F-4F89-87129E5245C4}.Debug|Any CPU.Build.0 = Debug|Any CPU
		{B3168549-C415-292F-4F89-87129E5245C4}.Release|Any CPU.ActiveCfg = Release|Any CPU
		{B3168549-C415-292F-4F89-87129E5245C4}.Release|Any CPU.Build.0 = Release|Any CPU
		{9DE48E17-06F7-7E33-1C9D-5F5F76E13B67}.Debug|Any CPU.ActiveCfg = Debug|Any CPU
		{9DE48E17-06F7-7E33-1C9D-5F5F76E13B67}.Debug|Any CPU.Build.0 = Debug|Any CPU
		{9DE48E17-06F7-7E33-1C9D-5F5F76E13B67}.Release|Any CPU.ActiveCfg = Release|Any CPU
		{9DE48E17-06F7-7E33-1C9D-5F5F76E13B67}.Release|Any CPU.Build.0 = Release|Any CPU
		{C71A4D06-B63B-59CA-499A-8059B0B2C464}.Debug|Any CPU.ActiveCfg = Debug|Any CPU
		{C71A4D06-B63B-59CA-499A-8059B0B2C464}.Debug|Any CPU.Build.0 = Debug|Any CPU
		{C71A4D06-B63B-59CA-499A-8059B0B2C464}.Release|Any CPU.ActiveCfg = Release|Any CPU
		{C71A4D06-B63B-59CA-499A-8059B0B2C464}.Release|Any CPU.Build.0 = Release|Any CPU
		{1C341428-9FBA-B264-869F-F4BA71BF06F9}.Debug|Any CPU.ActiveCfg = Debug|Any CPU
		{1C341428-9FBA-B264-869F-F4BA71BF06F9}.Debug|Any CPU.Build.0 = Debug|Any CPU
		{1C341428-9FBA-B264-869F-F4BA71BF06F9}.Release|Any CPU.ActiveCfg = Release|Any CPU
		{1C341428-9FBA-B264-869F-F4BA71BF06F9}.Release|Any CPU.Build.0 = Release|Any CPU
	EndGlobalSection
	GlobalSection(SolutionProperties) = preSolution
		HideSolutionNode = FALSE
	EndGlobalSection
	GlobalSection(MonoDevelopProperties) = preSolution
		StartupItem = Assembly-CSharp.csproj
	EndGlobalSection
EndGlobal
